
Microsoft Visual Studio Solution File, Format Version 12.00
# Visual Studio Version 17
VisualStudioVersion = 17.10.35013.160
MinimumVisualStudioVersion = 10.0.40219.1
Project("{9A19103F-16F7-4668-BE54-9A1E7A4F7556}") = "Notesvel", "Notesvel\Notesvel.csproj", "{0F3FF52C-843C-4D58-8F76-6E18186F4169}"
EndProject
Global
	GlobalSection(SolutionConfigurationPlatforms) = preSolution
		Debug|Any CPU = Debug|Any CPU
		Debug|x64 = Debug|x64
		Release|Any CPU = Release|Any CPU
		Release|x64 = Release|x64
	EndGlobalSection
	GlobalSection(ProjectConfigurationPlatforms) = postSolution
		{0F3FF52C-843C-4D58-8F76-6E18186F4169}.Debug|Any CPU.ActiveCfg = Debug|Any CPU
		{0F3FF52C-843C-4D58-8F76-6E18186F4169}.Debug|Any CPU.Build.0 = Debug|Any CPU
		{0F3FF52C-843C-4D58-8F76-6E18186F4169}.Debug|x64.ActiveCfg = Debug|x64
		{0F3FF52C-843C-4D58-8F76-6E18186F4169}.Debug|x64.Build.0 = Debug|x64
		{0F3FF52C-843C-4D58-8F76-6E18186F4169}.Release|Any CPU.ActiveCfg = Release|Any CPU
		{0F3FF52C-843C-4D58-8F76-6E18186F4169}.Release|Any CPU.Build.0 = Release|Any CPU
		{0F3FF52C-843C-4D58-8F76-6E18186F4169}.Release|x64.ActiveCfg = Release|x64
		{0F3FF52C-843C-4D58-8F76-6E18186F4169}.Release|x64.Build.0 = Release|x64
	EndGlobalSection
	GlobalSection(SolutionProperties) = preSolution
		HideSolutionNode = FALSE
	EndGlobalSection
	GlobalSection(ExtensibilityGlobals) = postSolution
		SolutionGuid = {EE8F47E1-5B87-4BCE-B165-6C22B8F94E99}
	EndGlobalSection
EndGlobal
